
Microsoft Visual Studio Solution File, Format Version 12.00
# Visual Studio Version 16
VisualStudioVersion = 16.0.34601.136
MinimumVisualStudioVersion = 10.0.40219.1
Project("{9A19103F-16F7-4668-BE54-9A1E7A4F7556}") = "ProgramacaoDoZero", "ProgramacaoDoZero\ProgramacaoDoZero.csproj", "{729F2A62-A360-4378-80B5-C9D6A3236DBC}"
EndProject
Project("{2150E333-8FDC-42A3-9474-1A3956D46DE8}") = "DbScripts", "DbScripts", "{586C83AC-2C5A-42B3-82D9-288E6B602519}"
	ProjectSection(SolutionItems) = preProject
		ScriptsCriacao.sql = ScriptsCriacao.sql
	EndProjectSection
EndProject
Global
	GlobalSection(SolutionConfigurationPlatforms) = preSolution
		Debug|Any CPU = Debug|Any CPU
		Release|Any CPU = Release|Any CPU
	EndGlobalSection
	GlobalSection(ProjectConfigurationPlatforms) = postSolution
		{729F2A62-A360-4378-80B5-C9D6A3236DBC}.Debug|Any CPU.ActiveCfg = Debug|Any CPU
		{729F2A62-A360-4378-80B5-C9D6A3236DBC}.Debug|Any CPU.Build.0 = Debug|Any CPU
		{729F2A62-A360-4378-80B5-C9D6A3236DBC}.Release|Any CPU.ActiveCfg = Release|Any CPU
		{729F2A62-A360-4378-80B5-C9D6A3236DBC}.Release|Any CPU.Build.0 = Release|Any CPU
	EndGlobalSection
	GlobalSection(SolutionProperties) = preSolution
		HideSolutionNode = FALSE
	EndGlobalSection
	GlobalSection(ExtensibilityGlobals) = postSolution
		SolutionGuid = {68D8B1D4-9800-4200-9FA9-48B1BDD0D16A}
	EndGlobalSection
EndGlobal
